
Microsoft Visual Studio Solution File, Format Version 12.00
# Visual Studio 15
VisualStudioVersion = 15.0.28307.329
MinimumVisualStudioVersion = 10.0.40219.1
Project("{FAE04EC0-301F-11D3-BF4B-00C04F79EFBC}") = "BilletLibrary", "BilletLibrary\BilletLibrary.csproj", "{D6913C62-E7ED-4B28-AD4F-4A6CC443CBD1}"
EndProject
Project("{FAE04EC0-301F-11D3-BF4B-00C04F79EFBC}") = "UnitTestBilClass", "UnitTestBilClass\UnitTestBilClass.csproj", "{E9ED58BB-E1AF-4FA0-9F0F-25B4B02CC696}"
EndProject
Global
	GlobalSection(SolutionConfigurationPlatforms) = preSolution
		Debug|Any CPU = Debug|Any CPU
		Release|Any CPU = Release|Any CPU
	EndGlobalSection
	GlobalSection(ProjectConfigurationPlatforms) = postSolution
		{D6913C62-E7ED-4B28-AD4F-4A6CC443CBD1}.Debug|Any CPU.ActiveCfg = Debug|Any CPU
		{D6913C62-E7ED-4B28-AD4F-4A6CC443CBD1}.Debug|Any CPU.Build.0 = Debug|Any CPU
		{D6913C62-E7ED-4B28-AD4F-4A6CC443CBD1}.Release|Any CPU.ActiveCfg = Release|Any CPU
		{D6913C62-E7ED-4B28-AD4F-4A6CC443CBD1}.Release|Any CPU.Build.0 = Release|Any CPU
		{E9ED58BB-E1AF-4FA0-9F0F-25B4B02CC696}.Debug|Any CPU.ActiveCfg = Debug|Any CPU
		{E9ED58BB-E1AF-4FA0-9F0F-25B4B02CC696}.Debug|Any CPU.Build.0 = Debug|Any CPU
		{E9ED58BB-E1AF-4FA0-9F0F-25B4B02CC696}.Release|Any CPU.ActiveCfg = Release|Any CPU
		{E9ED58BB-E1AF-4FA0-9F0F-25B4B02CC696}.Release|Any CPU.Build.0 = Release|Any CPU
	EndGlobalSection
	GlobalSection(SolutionProperties) = preSolution
		HideSolutionNode = FALSE
	EndGlobalSection
	GlobalSection(ExtensibilityGlobals) = postSolution
		SolutionGuid = {AD333437-E2F5-4668-9B53-5DB4DBC7E832}
	EndGlobalSection
EndGlobal
